
Microsoft Visual Studio Solution File, Format Version 12.00
# Visual Studio 15
VisualStudioVersion = 15.0.26730.12
MinimumVisualStudioVersion = 10.0.40219.1
Project("{FAE04EC0-301F-11D3-BF4B-00C04F79EFBC}") = "bereken hoe oud je bent DUMS", "bereken hoe oud je bent DUMS\bereken hoe oud je bent DUMS.csproj", "{61E1AA11-0AA1-428C-B122-E846E42BEA6F}"
EndProject
Global
	GlobalSection(SolutionConfigurationPlatforms) = preSolution
		Debug|Any CPU = Debug|Any CPU
		Release|Any CPU = Release|Any CPU
	EndGlobalSection
	GlobalSection(ProjectConfigurationPlatforms) = postSolution
		{61E1AA11-0AA1-428C-B122-E846E42BEA6F}.Debug|Any CPU.ActiveCfg = Debug|Any CPU
		{61E1AA11-0AA1-428C-B122-E846E42BEA6F}.Debug|Any CPU.Build.0 = Debug|Any CPU
		{61E1AA11-0AA1-428C-B122-E846E42BEA6F}.Release|Any CPU.ActiveCfg = Release|Any CPU
		{61E1AA11-0AA1-428C-B122-E846E42BEA6F}.Release|Any CPU.Build.0 = Release|Any CPU
	EndGlobalSection
	GlobalSection(SolutionProperties) = preSolution
		HideSolutionNode = FALSE
	EndGlobalSection
	GlobalSection(ExtensibilityGlobals) = postSolution
		SolutionGuid = {AB63455B-F0D4-4089-AE4C-1901936704E5}
	EndGlobalSection
EndGlobal
